// !$*UTF8*$!
{
	archiveVersion = 1;
	classes = {
	};
	objectVersion = 56;
	objects = {

/* Begin PBXBuildFile section */
		B7598D652C5C86C7002448CD /* CustomContextMenu.swift in Sources */ = {isa = PBXBuildFile; fileRef = B7598D642C5C86C7002448CD /* CustomContextMenu.swift */; };
		B7598D672C5C8C58002448CD /* TooltipReadingOrder.swift in Sources */ = {isa = PBXBuildFile; fileRef = B7598D662C5C8C58002448CD /* TooltipReadingOrder.swift */; };
		B78D73C22C5B20E800A1040F /* Prototypes2024App.swift in Sources */ = {isa = PBXBuildFile; fileRef = B78D73C12C5B20E800A1040F /* Prototypes2024App.swift */; };
		B78D73C42C5B20E800A1040F /* ContentView.swift in Sources */ = {isa = PBXBuildFile; fileRef = B78D73C32C5B20E800A1040F /* ContentView.swift */; };
		B78D73C62C5B20EA00A1040F /* Assets.xcassets in Resources */ = {isa = PBXBuildFile; fileRef = B78D73C52C5B20EA00A1040F /* Assets.xcassets */; };
		B78D73C92C5B20EA00A1040F /* Preview Assets.xcassets in Resources */ = {isa = PBXBuildFile; fileRef = B78D73C82C5B20EA00A1040F /* Preview Assets.xcassets */; };
		B78D73D02C5B241800A1040F /* StoryHeadlineLengthAdjustment.swift in Sources */ = {isa = PBXBuildFile; fileRef = B78D73CF2C5B241800A1040F /* StoryHeadlineLengthAdjustment.swift */; };
		B78D73D22C5B319300A1040F /* ScaledMetricDemo.swift in Sources */ = {isa = PBXBuildFile; fileRef = B78D73D12C5B319300A1040F /* ScaledMetricDemo.swift */; };
		B78D73D52C5B34C000A1040F /* HorizontalPaddingDemo.swift in Sources */ = {isa = PBXBuildFile; fileRef = B78D73D42C5B34C000A1040F /* HorizontalPaddingDemo.swift */; };
		B78D73D72C5B352900A1040F /* DynamicTypeDemos.swift in Sources */ = {isa = PBXBuildFile; fileRef = B78D73D62C5B352900A1040F /* DynamicTypeDemos.swift */; };
		B78D73D92C5B354C00A1040F /* HStackDemo.swift in Sources */ = {isa = PBXBuildFile; fileRef = B78D73D82C5B354C00A1040F /* HStackDemo.swift */; };
		B78D73DB2C5B35A500A1040F /* ScrollViewDemo.swift in Sources */ = {isa = PBXBuildFile; fileRef = B78D73DA2C5B35A500A1040F /* ScrollViewDemo.swift */; };
		B78D73DD2C5B35F000A1040F /* LimitDynamicTypeSizesDemo.swift in Sources */ = {isa = PBXBuildFile; fileRef = B78D73DC2C5B35F000A1040F /* LimitDynamicTypeSizesDemo.swift */; };
		B78D73DF2C5B36CB00A1040F /* CustomListItem.swift in Sources */ = {isa = PBXBuildFile; fileRef = B78D73DE2C5B36CB00A1040F /* CustomListItem.swift */; };
/* End PBXBuildFile section */

/* Begin PBXFileReference section */
		B7598D642C5C86C7002448CD /* CustomContextMenu.swift */ = {isa = PBXFileReference; lastKnownFileType = sourcecode.swift; path = CustomContextMenu.swift; sourceTree = "<group>"; };
		B7598D662C5C8C58002448CD /* TooltipReadingOrder.swift */ = {isa = PBXFileReference; lastKnownFileType = sourcecode.swift; path = TooltipReadingOrder.swift; sourceTree = "<group>"; };
		B78D73BE2C5B20E800A1040F /* Prototypes2024.app */ = {isa = PBXFileReference; explicitFileType = wrapper.application; includeInIndex = 0; path = Prototypes2024.app; sourceTree = BUILT_PRODUCTS_DIR; };
		B78D73C12C5B20E800A1040F /* Prototypes2024App.swift */ = {isa = PBXFileReference; lastKnownFileType = sourcecode.swift; path = Prototypes2024App.swift; sourceTree = "<group>"; };
		B78D73C32C5B20E800A1040F /* ContentView.swift */ = {isa = PBXFileReference; lastKnownFileType = sourcecode.swift; path = ContentView.swift; sourceTree = "<group>"; };
		B78D73C52C5B20EA00A1040F /* Assets.xcassets */ = {isa = PBXFileReference; lastKnownFileType = folder.assetcatalog; path = Assets.xcassets; sourceTree = "<group>"; };
		B78D73C82C5B20EA00A1040F /* Preview Assets.xcassets */ = {isa = PBXFileReference; lastKnownFileType = folder.assetcatalog; path = "Preview Assets.xcassets"; sourceTree = "<group>"; };
		B78D73CF2C5B241800A1040F /* StoryHeadlineLengthAdjustment.swift */ = {isa = PBXFileReference; lastKnownFileType = sourcecode.swift; path = StoryHeadlineLengthAdjustment.swift; sourceTree = "<group>"; };
		B78D73D12C5B319300A1040F /* ScaledMetricDemo.swift */ = {isa = PBXFileReference; lastKnownFileType = sourcecode.swift; path = ScaledMetricDemo.swift; sourceTree = "<group>"; };
		B78D73D42C5B34C000A1040F /* HorizontalPaddingDemo.swift */ = {isa = PBXFileReference; lastKnownFileType = sourcecode.swift; path = HorizontalPaddingDemo.swift; sourceTree = "<group>"; };
		B78D73D62C5B352900A1040F /* DynamicTypeDemos.swift */ = {isa = PBXFileReference; lastKnownFileType = sourcecode.swift; path = DynamicTypeDemos.swift; sourceTree = "<group>"; };
		B78D73D82C5B354C00A1040F /* HStackDemo.swift */ = {isa = PBXFileReference; lastKnownFileType = sourcecode.swift; path = HStackDemo.swift; sourceTree = "<group>"; };
		B78D73DA2C5B35A500A1040F /* ScrollViewDemo.swift */ = {isa = PBXFileReference; lastKnownFileType = sourcecode.swift; path = ScrollViewDemo.swift; sourceTree = "<group>"; };
		B78D73DC2C5B35F000A1040F /* LimitDynamicTypeSizesDemo.swift */ = {isa = PBXFileReference; lastKnownFileType = sourcecode.swift; path = LimitDynamicTypeSizesDemo.swift; sourceTree = "<group>"; };
		B78D73DE2C5B36CB00A1040F /* CustomListItem.swift */ = {isa = PBXFileReference; lastKnownFileType = sourcecode.swift; path = CustomListItem.swift; sourceTree = "<group>"; };
/* End PBXFileReference section */

/* Begin PBXFrameworksBuildPhase section */
		B78D73BB2C5B20E800A1040F /* Frameworks */ = {
			isa = PBXFrameworksBuildPhase;
			buildActionMask = 2147483647;
			files = (
			);
			runOnlyForDeploymentPostprocessing = 0;
		};
/* End PBXFrameworksBuildPhase section */

/* Begin PBXGroup section */
		B78D73B52C5B20E800A1040F = {
			isa = PBXGroup;
			children = (
				B78D73C02C5B20E800A1040F /* Prototypes2024 */,
				B78D73BF2C5B20E800A1040F /* Products */,
			);
			sourceTree = "<group>";
		};
		B78D73BF2C5B20E800A1040F /* Products */ = {
			isa = PBXGroup;
			children = (
				B78D73BE2C5B20E800A1040F /* Prototypes2024.app */,
			);
			name = Products;
			sourceTree = "<group>";
		};
		B78D73C02C5B20E800A1040F /* Prototypes2024 */ = {
			isa = PBXGroup;
			children = (
				B78D73C12C5B20E800A1040F /* Prototypes2024App.swift */,
				B78D73C32C5B20E800A1040F /* ContentView.swift */,
				B7598D642C5C86C7002448CD /* CustomContextMenu.swift */,
				B7598D662C5C8C58002448CD /* TooltipReadingOrder.swift */,
				B78D73CF2C5B241800A1040F /* StoryHeadlineLengthAdjustment.swift */,
				B78D73DE2C5B36CB00A1040F /* CustomListItem.swift */,
				B78D73D32C5B347800A1040F /* DynamicTypeDemos */,
				B78D73C52C5B20EA00A1040F /* Assets.xcassets */,
				B78D73C72C5B20EA00A1040F /* Preview Content */,
			);
			path = Prototypes2024;
			sourceTree = "<group>";
		};
		B78D73C72C5B20EA00A1040F /* Preview Content */ = {
			isa = PBXGroup;
			children = (
				B78D73C82C5B20EA00A1040F /* Preview Assets.xcassets */,
			);
			path = "Preview Content";
			sourceTree = "<group>";
		};
		B78D73D32C5B347800A1040F /* DynamicTypeDemos */ = {
			isa = PBXGroup;
			children = (
				B78D73D62C5B352900A1040F /* DynamicTypeDemos.swift */,
				B78D73D12C5B319300A1040F /* ScaledMetricDemo.swift */,
				B78D73D42C5B34C000A1040F /* HorizontalPaddingDemo.swift */,
				B78D73D82C5B354C00A1040F /* HStackDemo.swift */,
				B78D73DA2C5B35A500A1040F /* ScrollViewDemo.swift */,
				B78D73DC2C5B35F000A1040F /* LimitDynamicTypeSizesDemo.swift */,
			);
			path = DynamicTypeDemos;
			sourceTree = "<group>";
		};
/* End PBXGroup section */

/* Begin PBXNativeTarget section */
		B78D73BD2C5B20E800A1040F /* Prototypes2024 */ = {
			isa = PBXNativeTarget;
			buildConfigurationList = B78D73CC2C5B20EA00A1040F /* Build configuration list for PBXNativeTarget "Prototypes2024" */;
			buildPhases = (
				B78D73BA2C5B20E800A1040F /* Sources */,
				B78D73BB2C5B20E800A1040F /* Frameworks */,
				B78D73BC2C5B20E800A1040F /* Resources */,
			);
			buildRules = (
			);
			dependencies = (
			);
			name = Prototypes2024;
			productName = Prototypes2024;
			productReference = B78D73BE2C5B20E800A1040F /* Prototypes2024.app */;
			productType = "com.apple.product-type.application";
		};
/* End PBXNativeTarget section */

/* Begin PBXProject section */
		B78D73B62C5B20E800A1040F /* Project object */ = {
			isa = PBXProject;
			attributes = {
				BuildIndependentTargetsInParallel = 1;
				LastSwiftUpdateCheck = 1530;
				LastUpgradeCheck = 1530;
				TargetAttributes = {
					B78D73BD2C5B20E800A1040F = {
						CreatedOnToolsVersion = 15.3;
					};
				};
			};
			buildConfigurationList = B78D73B92C5B20E800A1040F /* Build configuration list for PBXProject "Prototypes2024" */;
			compatibilityVersion = "Xcode 14.0";
			developmentRegion = en;
			hasScannedForEncodings = 0;
			knownRegions = (
				en,
				Base,
			);
			mainGroup = B78D73B52C5B20E800A1040F;
			productRefGroup = B78D73BF2C5B20E800A1040F /* Products */;
			projectDirPath = "";
			projectRoot = "";
			targets = (
				B78D73BD2C5B20E800A1040F /* Prototypes2024 */,
			);
		};
/* End PBXProject section */

/* Begin PBXResourcesBuildPhase section */
		B78D73BC2C5B20E800A1040F /* Resources */ = {
			isa = PBXResourcesBuildPhase;
			buildActionMask = 2147483647;
			files = (
				B78D73C92C5B20EA00A1040F /* Preview Assets.xcassets in Resources */,
				B78D73C62C5B20EA00A1040F /* Assets.xcassets in Resources */,
			);
			runOnlyForDeploymentPostprocessing = 0;
		};
/* End PBXResourcesBuildPhase section */

/* Begin PBXSourcesBuildPhase section */
		B78D73BA2C5B20E800A1040F /* Sources */ = {
			isa = PBXSourcesBuildPhase;
			buildActionMask = 2147483647;
			files = (
				B78D73D52C5B34C000A1040F /* HorizontalPaddingDemo.swift in Sources */,
				B78D73D22C5B319300A1040F /* ScaledMetricDemo.swift in Sources */,
				B78D73DD2C5B35F000A1040F /* LimitDynamicTypeSizesDemo.swift in Sources */,
				B78D73DF2C5B36CB00A1040F /* CustomListItem.swift in Sources */,
				B7598D652C5C86C7002448CD /* CustomContextMenu.swift in Sources */,
				B78D73D92C5B354C00A1040F /* HStackDemo.swift in Sources */,
				B78D73D72C5B352900A1040F /* DynamicTypeDemos.swift in Sources */,
				B78D73C42C5B20E800A1040F /* ContentView.swift in Sources */,
				B78D73C22C5B20E800A1040F /* Prototypes2024App.swift in Sources */,
				B7598D672C5C8C58002448CD /* TooltipReadingOrder.swift in Sources */,
				B78D73DB2C5B35A500A1040F /* ScrollViewDemo.swift in Sources */,
				B78D73D02C5B241800A1040F /* StoryHeadlineLengthAdjustment.swift in Sources */,
			);
			runOnlyForDeploymentPostprocessing = 0;
		};
/* End PBXSourcesBuildPhase section */

/* Begin XCBuildConfiguration section */
		B78D73CA2C5B20EA00A1040F /* Debug */ = {
			isa = XCBuildConfiguration;
			buildSettings = {
				ALWAYS_SEARCH_USER_PATHS = NO;
				ASSETCATALOG_COMPILER_GENERATE_SWIFT_ASSET_SYMBOL_EXTENSIONS = YES;
				CLANG_ANALYZER_NONNULL = YES;
				CLANG_ANALYZER_NUMBER_OBJECT_CONVERSION = YES_AGGRESSIVE;
				CLANG_CXX_LANGUAGE_STANDARD = "gnu++20";
				CLANG_ENABLE_MODULES = YES;
				CLANG_ENABLE_OBJC_ARC = YES;
				CLANG_ENABLE_OBJC_WEAK = YES;
				CLANG_WARN_BLOCK_CAPTURE_AUTORELEASING = YES;
				CLANG_WARN_BOOL_CONVERSION = YES;
				CLANG_WARN_COMMA = YES;
				CLANG_WARN_CONSTANT_CONVERSION = YES;
				CLANG_WARN_DEPRECATED_OBJC_IMPLEMENTATIONS = YES;
				CLANG_WARN_DIRECT_OBJC_ISA_USAGE = YES_ERROR;
				CLANG_WARN_DOCUMENTATION_COMMENTS = YES;
				CLANG_WARN_EMPTY_BODY = YES;
				CLANG_WARN_ENUM_CONVERSION = YES;
				CLANG_WARN_INFINITE_RECURSION = YES;
				CLANG_WARN_INT_CONVERSION = YES;
				CLANG_WARN_NON_LITERAL_NULL_CONVERSION = YES;
				CLANG_WARN_OBJC_IMPLICIT_RETAIN_SELF = YES;
				CLANG_WARN_OBJC_LITERAL_CONVERSION = YES;
				CLANG_WARN_OBJC_ROOT_CLASS = YES_ERROR;
				CLANG_WARN_QUOTED_INCLUDE_IN_FRAMEWORK_HEADER = YES;
				CLANG_WARN_RANGE_LOOP_ANALYSIS = YES;
				CLANG_WARN_STRICT_PROTOTYPES = YES;
				CLANG_WARN_SUSPICIOUS_MOVE = YES;
				CLANG_WARN_UNGUARDED_AVAILABILITY = YES_AGGRESSIVE;
				CLANG_WARN_UNREACHABLE_CODE = YES;
				CLANG_WARN__DUPLICATE_METHOD_MATCH = YES;
				COPY_PHASE_STRIP = NO;
				DEBUG_INFORMATION_FORMAT = dwarf;
				ENABLE_STRICT_OBJC_MSGSEND = YES;
				ENABLE_TESTABILITY = YES;
				ENABLE_USER_SCRIPT_SANDBOXING = YES;
				GCC_C_LANGUAGE_STANDARD = gnu17;
				GCC_DYNAMIC_NO_PIC = NO;
				GCC_NO_COMMON_BLOCKS = YES;
				GCC_OPTIMIZATION_LEVEL = 0;
				GCC_PREPROCESSOR_DEFINITIONS = (
					"DEBUG=1",
					"$(inherited)",
				);
				GCC_WARN_64_TO_32_BIT_CONVERSION = YES;
				GCC_WARN_ABOUT_RETURN_TYPE = YES_ERROR;
				GCC_WARN_UNDECLARED_SELECTOR = YES;
				GCC_WARN_UNINITIALIZED_AUTOS = YES_AGGRESSIVE;
				GCC_WARN_UNUSED_FUNCTION = YES;
				GCC_WARN_UNUSED_VARIABLE = YES;
				IPHONEOS_DEPLOYMENT_TARGET = 17.4;
				LOCALIZATION_PREFERS_STRING_CATALOGS = YES;
				MTL_ENABLE_DEBUG_INFO = INCLUDE_SOURCE;
				MTL_FAST_MATH = YES;
				ONLY_ACTIVE_ARCH = YES;
				SDKROOT = iphoneos;
				SWIFT_ACTIVE_COMPILATION_CONDITIONS = "DEBUG $(inherited)";
				SWIFT_OPTIMIZATION_LEVEL = "-Onone";
			};
			name = Debug;
		};
		B78D73CB2C5B20EA00A1040F /* Release */ = {
			isa = XCBuildConfiguration;
			buildSettings = {
				ALWAYS_SEARCH_USER_PATHS = NO;
				ASSETCATALOG_COMPILER_GENERATE_SWIFT_ASSET_SYMBOL_EXTENSIONS = YES;
				CLANG_ANALYZER_NONNULL = YES;
				CLANG_ANALYZER_NUMBER_OBJECT_CONVERSION = YES_AGGRESSIVE;
				CLANG_CXX_LANGUAGE_STANDARD = "gnu++20";
				CLANG_ENABLE_MODULES = YES;
				CLANG_ENABLE_OBJC_ARC = YES;
				CLANG_ENABLE_OBJC_WEAK = YES;
				CLANG_WARN_BLOCK_CAPTURE_AUTORELEASING = YES;
				CLANG_WARN_BOOL_CONVERSION = YES;
				CLANG_WARN_COMMA = YES;
				CLANG_WARN_CONSTANT_CONVERSION = YES;
				CLANG_WARN_DEPRECATED_OBJC_IMPLEMENTATIONS = YES;
				CLANG_WARN_DIRECT_OBJC_ISA_USAGE = YES_ERROR;
				CLANG_WARN_DOCUMENTATION_COMMENTS = YES;
				CLANG_WARN_EMPTY_BODY = YES;
				CLANG_WARN_ENUM_CONVERSION = YES;
				CLANG_WARN_INFINITE_RECURSION = YES;
				CLANG_WARN_INT_CONVERSION = YES;
				CLANG_WARN_NON_LITERAL_NULL_CONVERSION = YES;
				CLANG_WARN_OBJC_IMPLICIT_RETAIN_SELF = YES;
				CLANG_WARN_OBJC_LITERAL_CONVERSION = YES;
				CLANG_WARN_OBJC_ROOT_CLASS = YES_ERROR;
				CLANG_WARN_QUOTED_INCLUDE_IN_FRAMEWORK_HEADER = YES;
				CLANG_WARN_RANGE_LOOP_ANALYSIS = YES;
				CLANG_WARN_STRICT_PROTOTYPES = YES;
				CLANG_WARN_SUSPICIOUS_MOVE = YES;
				CLANG_WARN_UNGUARDED_AVAILABILITY = YES_AGGRESSIVE;
				CLANG_WARN_UNREACHABLE_CODE = YES;
				CLANG_WARN__DUPLICATE_METHOD_MATCH = YES;
				COPY_PHASE_STRIP = NO;
				DEBUG_INFORMATION_FORMAT = "dwarf-with-dsym";
				ENABLE_NS_ASSERTIONS = NO;
				ENABLE_STRICT_OBJC_MSGSEND = YES;
				ENABLE_USER_SCRIPT_SANDBOXING = YES;
				GCC_C_LANGUAGE_STANDARD = gnu17;
				GCC_NO_COMMON_BLOCKS = YES;
				GCC_WARN_64_TO_32_BIT_CONVERSION = YES;
				GCC_WARN_ABOUT_RETURN_TYPE = YES_ERROR;
				GCC_WARN_UNDECLARED_SELECTOR = YES;
				GCC_WARN_UNINITIALIZED_AUTOS = YES_AGGRESSIVE;
				GCC_WARN_UNUSED_FUNCTION = YES;
				GCC_WARN_UNUSED_VARIABLE = YES;
				IPHONEOS_DEPLOYMENT_TARGET = 17.4;
				LOCALIZATION_PREFERS_STRING_CATALOGS = YES;
				MTL_ENABLE_DEBUG_INFO = NO;
				MTL_FAST_MATH = YES;
				SDKROOT = iphoneos;
				SWIFT_COMPILATION_MODE = wholemodule;
				VALIDATE_PRODUCT = YES;
			};
			name = Release;
		};
		B78D73CD2C5B20EA00A1040F /* Debug */ = {
			isa = XCBuildConfiguration;
			buildSettings = {
				ASSETCATALOG_COMPILER_APPICON_NAME = AppIcon;
				ASSETCATALOG_COMPILER_GLOBAL_ACCENT_COLOR_NAME = AccentColor;
				CODE_SIGN_STYLE = Automatic;
				CURRENT_PROJECT_VERSION = 1;
				DEVELOPMENT_ASSET_PATHS = "\"Prototypes2024/Preview Content\"";
				DEVELOPMENT_TEAM = NSWB9AX224;
				ENABLE_PREVIEWS = YES;
				GENERATE_INFOPLIST_FILE = YES;
				INFOPLIST_KEY_UIApplicationSceneManifest_Generation = YES;
				INFOPLIST_KEY_UIApplicationSupportsIndirectInputEvents = YES;
				INFOPLIST_KEY_UILaunchScreen_Generation = YES;
				INFOPLIST_KEY_UISupportedInterfaceOrientations_iPad = "UIInterfaceOrientationPortrait UIInterfaceOrientationPortraitUpsideDown UIInterfaceOrientationLandscapeLeft UIInterfaceOrientationLandscapeRight";
				INFOPLIST_KEY_UISupportedInterfaceOrientations_iPhone = "UIInterfaceOrientationPortrait UIInterfaceOrientationLandscapeLeft UIInterfaceOrientationLandscapeRight";
				LD_RUNPATH_SEARCH_PATHS = (
					"$(inherited)",
					"@executable_path/Frameworks",
				);
				MARKETING_VERSION = 1.0;
				PRODUCT_BUNDLE_IDENTIFIER = NYT.Prototypes2024;
				PRODUCT_NAME = "$(TARGET_NAME)";
				SWIFT_EMIT_LOC_STRINGS = YES;
				SWIFT_VERSION = 5.0;
				TARGETED_DEVICE_FAMILY = "1,2";
			};
			name = Debug;
		};
		B78D73CE2C5B20EA00A1040F /* Release */ = {
			isa = XCBuildConfiguration;
			buildSettings = {
				ASSETCATALOG_COMPILER_APPICON_NAME = AppIcon;
				ASSETCATALOG_COMPILER_GLOBAL_ACCENT_COLOR_NAME = AccentColor;
				CODE_SIGN_STYLE = Automatic;
				CURRENT_PROJECT_VERSION = 1;
				DEVELOPMENT_ASSET_PATHS = "\"Prototypes2024/Preview Content\"";
				DEVELOPMENT_TEAM = NSWB9AX224;
				ENABLE_PREVIEWS = YES;
				GENERATE_INFOPLIST_FILE = YES;
				INFOPLIST_KEY_UIApplicationSceneManifest_Generation = YES;
				INFOPLIST_KEY_UIApplicationSupportsIndirectInputEvents = YES;
				INFOPLIST_KEY_UILaunchScreen_Generation = YES;
				INFOPLIST_KEY_UISupportedInterfaceOrientations_iPad = "UIInterfaceOrientationPortrait UIInterfaceOrientationPortraitUpsideDown UIInterfaceOrientationLandscapeLeft UIInterfaceOrientationLandscapeRight";
				INFOPLIST_KEY_UISupportedInterfaceOrientations_iPhone = "UIInterfaceOrientationPortrait UIInterfaceOrientationLandscapeLeft UIInterfaceOrientationLandscapeRight";
				LD_RUNPATH_SEARCH_PATHS = (
					"$(inherited)",
					"@executable_path/Frameworks",
				);
				MARKETING_VERSION = 1.0;
				PRODUCT_BUNDLE_IDENTIFIER = NYT.Prototypes2024;
				PRODUCT_NAME = "$(TARGET_NAME)";
				SWIFT_EMIT_LOC_STRINGS = YES;
				SWIFT_VERSION = 5.0;
				TARGETED_DEVICE_FAMILY = "1,2";
			};
			name = Release;
		};
/* End XCBuildConfiguration section */

/* Begin XCConfigurationList section */
		B78D73B92C5B20E800A1040F /* Build configuration list for PBXProject "Prototypes2024" */ = {
			isa = XCConfigurationList;
			buildConfigurations = (
				B78D73CA2C5B20EA00A1040F /* Debug */,
				B78D73CB2C5B20EA00A1040F /* Release */,
			);
			defaultConfigurationIsVisible = 0;
			defaultConfigurationName = Release;
		};
		B78D73CC2C5B20EA00A1040F /* Build configuration list for PBXNativeTarget "Prototypes2024" */ = {
			isa = XCConfigurationList;
			buildConfigurations = (
				B78D73CD2C5B20EA00A1040F /* Debug */,
				B78D73CE2C5B20EA00A1040F /* Release */,
			);
			defaultConfigurationIsVisible = 0;
			defaultConfigurationName = Release;
		};
/* End XCConfigurationList section */
	};
	rootObject = B78D73B62C5B20E800A1040F /* Project object */;
}
